{"1.1.0",
[{<<"granderl">>,{pkg,<<"granderl">>,<<"0.1.5">>},0},
 {<<"metal">>,{pkg,<<"metal">>,<<"0.1.1">>},0}]}.
[
{pkg_hash,[
 {<<"granderl">>, <<"F20077A68BD80B8D8783BD15A052813C6483771DEC1A5B837D307CBE92F14122">>},
 {<<"metal">>, <<"5D3D1322DA7BCD34B94FED5486F577973685298883954F7A3E517EF5EF6953F5">>}]}
].
