{"1.2.0",
[{<<"foil">>,{pkg,<<"foil">>,<<"0.1.6">>},0},
 {<<"knot">>,{pkg,<<"knot">>,<<"0.1.2">>},0},
 {<<"metal">>,{pkg,<<"metal">>,<<"0.1.2">>},0},
 {<<"telemetry">>,{pkg,<<"telemetry">>,<<"1.4.2">>},0}]}.
[
{pkg_hash,[
 {<<"foil">>, <<"31A9048E8EC6E8AC951ED3C4E4EB8F549465920C70F19E92CD9FC8A6867E7253">>},
 {<<"knot">>, <<"3B6C07CD24831D62752D879F031BCEDCFADB343738679EB1774A029D0A8B7D48">>},
 {<<"metal">>, <<"7501F14B075380F829498C4CE605643D6C7F0C55F60EBFCFBF694C33A558DF98">>},
 {<<"telemetry">>, <<"A0CB522801DFFB1C49FE6E30561BADFFC7B6D0E180DB1300DF759FAA22062855">>}]},
{pkg_hash_ext,[
 {<<"foil">>, <<"8D34B12D712FFB30AD9E192F57885ABB1A61510CD3D9F6AA44470510A50B979E">>},
 {<<"knot">>, <<"42CB91A8024A8857D70A61B33E83D31370D5EB48681B366AE1203CB7C7CCFB38">>},
 {<<"metal">>, <<"CAC84E5CF2875B56E68874F3F0B3D598AF3EC30397EC2151D5C81C408961E6E4">>},
 {<<"telemetry">>, <<"928F6495066506077862C0D1646609EED891A4326BEE3126BA54B60AF61FEBB1">>}]}
].
