{"1.2.0",
[{<<"foil">>,{pkg,<<"foil">>,<<"0.1.4">>},0},
 {<<"knot">>,{pkg,<<"knot">>,<<"0.1.0">>},0},
 {<<"metal">>,{pkg,<<"metal">>,<<"0.1.2">>},0},
 {<<"telemetry">>,{pkg,<<"telemetry">>,<<"1.4.2">>},0}]}.
[
{pkg_hash,[
 {<<"foil">>, <<"1B786A2CC3E81496F98F799DF23AA24065253A94032AB79E5D60AED5423850AE">>},
 {<<"knot">>, <<"62CACC2CD9E2D50373EAFAC7C26A4286EF22C4590CBBF42FC81B4B0F497CC87D">>},
 {<<"metal">>, <<"7501F14B075380F829498C4CE605643D6C7F0C55F60EBFCFBF694C33A558DF98">>},
 {<<"telemetry">>, <<"A0CB522801DFFB1C49FE6E30561BADFFC7B6D0E180DB1300DF759FAA22062855">>}]},
{pkg_hash_ext,[
 {<<"foil">>, <<"4B0C51432A13740E5D74289C19A584A02B1BA02558AA9002665900EC61260E1B">>},
 {<<"knot">>, <<"5659015314767F69BD95D88B0AEDF6A65DCBEF3E9AFE49172D0429B18DB89584">>},
 {<<"metal">>, <<"CAC84E5CF2875B56E68874F3F0B3D598AF3EC30397EC2151D5C81C408961E6E4">>},
 {<<"telemetry">>, <<"928F6495066506077862C0D1646609EED891A4326BEE3126BA54B60AF61FEBB1">>}]}
].
